
Microsoft Visual Studio Solution File, Format Version 12.00
# Visual Studio Version 16
VisualStudioVersion = 16.0.34729.46
MinimumVisualStudioVersion = 10.0.40219.1
Project("{FAE04EC0-301F-11D3-BF4B-00C04F79EFBC}") = "NoteAppSY_UI", "NoteAppSY_UI\NoteAppSY_UI.csproj", "{B2D1B058-B242-437B-A97D-2260F087D212}"
EndProject
Global
	GlobalSection(SolutionConfigurationPlatforms) = preSolution
		Debug|Any CPU = Debug|Any CPU
		Release|Any CPU = Release|Any CPU
	EndGlobalSection
	GlobalSection(ProjectConfigurationPlatforms) = postSolution
		{B2D1B058-B242-437B-A97D-2260F087D212}.Debug|Any CPU.ActiveCfg = Debug|Any CPU
		{B2D1B058-B242-437B-A97D-2260F087D212}.Debug|Any CPU.Build.0 = Debug|Any CPU
		{B2D1B058-B242-437B-A97D-2260F087D212}.Release|Any CPU.ActiveCfg = Release|Any CPU
		{B2D1B058-B242-437B-A97D-2260F087D212}.Release|Any CPU.Build.0 = Release|Any CPU
	EndGlobalSection
	GlobalSection(SolutionProperties) = preSolution
		HideSolutionNode = FALSE
	EndGlobalSection
	GlobalSection(ExtensibilityGlobals) = postSolution
		SolutionGuid = {8E9EA7E6-754D-48B2-90CD-3DAB6C2C4A77}
	EndGlobalSection
EndGlobal
